
Microsoft Visual Studio Solution File, Format Version 12.00
# Visual Studio Version 16
VisualStudioVersion = 16.0.33801.447
MinimumVisualStudioVersion = 10.0.40219.1
Project("{FAE04EC0-301F-11D3-BF4B-00C04F79EFBC}") = "DeletingfromStartofArray", "DeletingfromStartofArray.csproj", "{FE6723C3-2B9D-47DC-B0F4-32CDD7CF7F29}"
EndProject
Global
	GlobalSection(SolutionConfigurationPlatforms) = preSolution
		Debug|Any CPU = Debug|Any CPU
		Release|Any CPU = Release|Any CPU
	EndGlobalSection
	GlobalSection(ProjectConfigurationPlatforms) = postSolution
		{FE6723C3-2B9D-47DC-B0F4-32CDD7CF7F29}.Debug|Any CPU.ActiveCfg = Debug|Any CPU
		{FE6723C3-2B9D-47DC-B0F4-32CDD7CF7F29}.Debug|Any CPU.Build.0 = Debug|Any CPU
		{FE6723C3-2B9D-47DC-B0F4-32CDD7CF7F29}.Release|Any CPU.ActiveCfg = Release|Any CPU
		{FE6723C3-2B9D-47DC-B0F4-32CDD7CF7F29}.Release|Any CPU.Build.0 = Release|Any CPU
	EndGlobalSection
	GlobalSection(SolutionProperties) = preSolution
		HideSolutionNode = FALSE
	EndGlobalSection
	GlobalSection(ExtensibilityGlobals) = postSolution
		SolutionGuid = {D5009ADA-2C64-4573-B69C-81BAF042B150}
	EndGlobalSection
EndGlobal
